
Microsoft Visual Studio Solution File, Format Version 12.00
# Visual Studio 15
VisualStudioVersion = 15.0.27004.2009
MinimumVisualStudioVersion = 10.0.40219.1
Project("{FAE04EC0-301F-11D3-BF4B-00C04F79EFBC}") = "CepelWeb", "CepelWeb\CepelWeb.csproj", "{D66F8D4B-278F-455F-B51D-C41A24EE743D}"
EndProject
Project("{FAE04EC0-301F-11D3-BF4B-00C04F79EFBC}") = "Data", "Data\Data.csproj", "{006371B3-C61C-4416-B06F-CF4F305333F7}"
EndProject
Project("{FAE04EC0-301F-11D3-BF4B-00C04F79EFBC}") = "Dominio", "Dominio\Dominio.csproj", "{7FEF4023-CB46-4886-9865-D38C6366121F}"
EndProject
Global
	GlobalSection(SolutionConfigurationPlatforms) = preSolution
		Debug|Any CPU = Debug|Any CPU
		Release|Any CPU = Release|Any CPU
	EndGlobalSection
	GlobalSection(ProjectConfigurationPlatforms) = postSolution
		{D66F8D4B-278F-455F-B51D-C41A24EE743D}.Debug|Any CPU.ActiveCfg = Debug|Any CPU
		{D66F8D4B-278F-455F-B51D-C41A24EE743D}.Debug|Any CPU.Build.0 = Debug|Any CPU
		{D66F8D4B-278F-455F-B51D-C41A24EE743D}.Release|Any CPU.ActiveCfg = Release|Any CPU
		{D66F8D4B-278F-455F-B51D-C41A24EE743D}.Release|Any CPU.Build.0 = Release|Any CPU
		{006371B3-C61C-4416-B06F-CF4F305333F7}.Debug|Any CPU.ActiveCfg = Debug|Any CPU
		{006371B3-C61C-4416-B06F-CF4F305333F7}.Debug|Any CPU.Build.0 = Debug|Any CPU
		{006371B3-C61C-4416-B06F-CF4F305333F7}.Release|Any CPU.ActiveCfg = Release|Any CPU
		{006371B3-C61C-4416-B06F-CF4F305333F7}.Release|Any CPU.Build.0 = Release|Any CPU
		{7FEF4023-CB46-4886-9865-D38C6366121F}.Debug|Any CPU.ActiveCfg = Debug|Any CPU
		{7FEF4023-CB46-4886-9865-D38C6366121F}.Debug|Any CPU.Build.0 = Debug|Any CPU
		{7FEF4023-CB46-4886-9865-D38C6366121F}.Release|Any CPU.ActiveCfg = Release|Any CPU
		{7FEF4023-CB46-4886-9865-D38C6366121F}.Release|Any CPU.Build.0 = Release|Any CPU
	EndGlobalSection
	GlobalSection(SolutionProperties) = preSolution
		HideSolutionNode = FALSE
	EndGlobalSection
	GlobalSection(ExtensibilityGlobals) = postSolution
		SolutionGuid = {73682503-BCE9-48DE-A15E-60AD897B039F}
	EndGlobalSection
EndGlobal
